<Solution>
  <Project Path="../Social.Common/Social.Common.csproj" Id="7c4ea876-0bc9-4304-bee2-c8e480768d35" />
  <Project Path="../Social.Data/Social.Data.csproj" Id="920a1a04-6cc0-414f-8077-f2bc06d7c1a0" />
  <Project Path="../Social.WebApi/Social.WebApi.csproj" Id="c71402e5-01c2-4187-b316-ac40af71a0de" />
</Solution>
