<Solution>
  <Folder Name="/Social.Repository/">
    <Project Path="../Social.Repository/Social.UserRepositories/Social.UserRepositories.csproj" Id="3f90e2e5-6916-4009-871a-c411401f89f4" />
  </Folder>
  <Project Path="../Social.Common/Social.Common.csproj" />
  <Project Path="../Social.Data/Social.Data.csproj" />
  <Project Path="Social.WebApi.csproj" />
</Solution>
